
Microsoft Visual Studio Solution File, Format Version 12.00
# Visual Studio Version 17
VisualStudioVersion = 17.0.31903.59
MinimumVisualStudioVersion = 10.0.40219.1
Project("{FAE04EC0-301F-11D3-BF4B-00C04F79EFBC}") = "ТП работает", "ТП работает.csproj", "{86E93DC3-5B22-4EFC-BF13-7930263F3539}"
EndProject
Global
	GlobalSection(SolutionConfigurationPlatforms) = preSolution
		Debug|Any CPU = Debug|Any CPU
		Release|Any CPU = Release|Any CPU
	EndGlobalSection
	GlobalSection(ProjectConfigurationPlatforms) = postSolution
		{86E93DC3-5B22-4EFC-BF13-7930263F3539}.Debug|Any CPU.ActiveCfg = Debug|Any CPU
		{86E93DC3-5B22-4EFC-BF13-7930263F3539}.Debug|Any CPU.Build.0 = Debug|Any CPU
		{86E93DC3-5B22-4EFC-BF13-7930263F3539}.Release|Any CPU.ActiveCfg = Release|Any CPU
		{86E93DC3-5B22-4EFC-BF13-7930263F3539}.Release|Any CPU.Build.0 = Release|Any CPU
	EndGlobalSection
	GlobalSection(SolutionProperties) = preSolution
		HideSolutionNode = FALSE
	EndGlobalSection
	GlobalSection(ExtensibilityGlobals) = postSolution
		SolutionGuid = {55AC5E49-FF64-424A-ACF0-1CC023DC8C21}
	EndGlobalSection
EndGlobal
